// !$*UTF8*$!
{
	archiveVersion = 1;
	classes = {
	};
	objectVersion = 51;
	objects = {

/* Begin PBXBuildFile section */
		9D1D5A02E89F65040DFD89E2 /* Pods_Kuluma.framework in Frameworks */ = {isa = PBXBuildFile; fileRef = A9C4D12917EE3A5FC0C93084 /* Pods_Kuluma.framework */; };
		F726B39524A73DA800321D51 /* GoogleService-Info.plist in Resources */ = {isa = PBXBuildFile; fileRef = F726B39424A73DA800321D51 /* GoogleService-Info.plist */; };
		F7641F5424A645BB007AF53F /* AppDelegate.swift in Sources */ = {isa = PBXBuildFile; fileRef = F7641F5324A645BB007AF53F /* AppDelegate.swift */; };
		F7641F5624A645BB007AF53F /* SceneDelegate.swift in Sources */ = {isa = PBXBuildFile; fileRef = F7641F5524A645BB007AF53F /* SceneDelegate.swift */; };
		F7641F5824A645BB007AF53F /* ViewController.swift in Sources */ = {isa = PBXBuildFile; fileRef = F7641F5724A645BB007AF53F /* ViewController.swift */; };
		F7641F5B24A645BB007AF53F /* Main.storyboard in Resources */ = {isa = PBXBuildFile; fileRef = F7641F5924A645BB007AF53F /* Main.storyboard */; };
		F7641F5D24A645BC007AF53F /* Assets.xcassets in Resources */ = {isa = PBXBuildFile; fileRef = F7641F5C24A645BC007AF53F /* Assets.xcassets */; };
		F7641F6024A645BC007AF53F /* LaunchScreen.storyboard in Resources */ = {isa = PBXBuildFile; fileRef = F7641F5E24A645BC007AF53F /* LaunchScreen.storyboard */; };
		F7641F6E24A64B7D007AF53F /* LoginViewController.swift in Sources */ = {isa = PBXBuildFile; fileRef = F7641F6D24A64B7D007AF53F /* LoginViewController.swift */; };
		F7641F7024A64BA0007AF53F /* RegisterViewController.swift in Sources */ = {isa = PBXBuildFile; fileRef = F7641F6F24A64BA0007AF53F /* RegisterViewController.swift */; };
		F7641F7224A64CBA007AF53F /* PhotoViewerViewController.swift in Sources */ = {isa = PBXBuildFile; fileRef = F7641F7124A64CBA007AF53F /* PhotoViewerViewController.swift */; };
		F7641F7424A64F82007AF53F /* VideoPlayerViewController.swift in Sources */ = {isa = PBXBuildFile; fileRef = F7641F7324A64F82007AF53F /* VideoPlayerViewController.swift */; };
		F7641F7724A64FE3007AF53F /* NewConversationViewController.swift in Sources */ = {isa = PBXBuildFile; fileRef = F7641F7624A64FE3007AF53F /* NewConversationViewController.swift */; };
		F7641F7924A6500D007AF53F /* ProfileViewController.swift in Sources */ = {isa = PBXBuildFile; fileRef = F7641F7824A6500D007AF53F /* ProfileViewController.swift */; };
		F7641F7E24A6626F007AF53F /* Extensions.swift in Sources */ = {isa = PBXBuildFile; fileRef = F7641F7D24A6626F007AF53F /* Extensions.swift */; };
/* End PBXBuildFile section */

/* Begin PBXFileReference section */
		52EB57891B8B31EFE193B048 /* Pods-Kuluma.release.xcconfig */ = {isa = PBXFileReference; includeInIndex = 1; lastKnownFileType = text.xcconfig; name = "Pods-Kuluma.release.xcconfig"; path = "Target Support Files/Pods-Kuluma/Pods-Kuluma.release.xcconfig"; sourceTree = "<group>"; };
		58C8C32854C31DDA41BC6969 /* Pods-Kuluma.debug.xcconfig */ = {isa = PBXFileReference; includeInIndex = 1; lastKnownFileType = text.xcconfig; name = "Pods-Kuluma.debug.xcconfig"; path = "Target Support Files/Pods-Kuluma/Pods-Kuluma.debug.xcconfig"; sourceTree = "<group>"; };
		A9C4D12917EE3A5FC0C93084 /* Pods_Kuluma.framework */ = {isa = PBXFileReference; explicitFileType = wrapper.framework; includeInIndex = 0; path = Pods_Kuluma.framework; sourceTree = BUILT_PRODUCTS_DIR; };
		F726B39424A73DA800321D51 /* GoogleService-Info.plist */ = {isa = PBXFileReference; fileEncoding = 4; lastKnownFileType = text.plist.xml; path = "GoogleService-Info.plist"; sourceTree = "<group>"; };
		F7641F5024A645BB007AF53F /* Kuluma.app */ = {isa = PBXFileReference; explicitFileType = wrapper.application; includeInIndex = 0; path = Kuluma.app; sourceTree = BUILT_PRODUCTS_DIR; };
		F7641F5324A645BB007AF53F /* AppDelegate.swift */ = {isa = PBXFileReference; lastKnownFileType = sourcecode.swift; path = AppDelegate.swift; sourceTree = "<group>"; };
		F7641F5524A645BB007AF53F /* SceneDelegate.swift */ = {isa = PBXFileReference; lastKnownFileType = sourcecode.swift; path = SceneDelegate.swift; sourceTree = "<group>"; };
		F7641F5724A645BB007AF53F /* ViewController.swift */ = {isa = PBXFileReference; lastKnownFileType = sourcecode.swift; path = ViewController.swift; sourceTree = "<group>"; };
		F7641F5A24A645BB007AF53F /* Base */ = {isa = PBXFileReference; lastKnownFileType = file.storyboard; name = Base; path = Base.lproj/Main.storyboard; sourceTree = "<group>"; };
		F7641F5C24A645BC007AF53F /* Assets.xcassets */ = {isa = PBXFileReference; lastKnownFileType = folder.assetcatalog; path = Assets.xcassets; sourceTree = "<group>"; };
		F7641F5F24A645BC007AF53F /* Base */ = {isa = PBXFileReference; lastKnownFileType = file.storyboard; name = Base; path = Base.lproj/LaunchScreen.storyboard; sourceTree = "<group>"; };
		F7641F6124A645BC007AF53F /* Info.plist */ = {isa = PBXFileReference; lastKnownFileType = text.plist.xml; path = Info.plist; sourceTree = "<group>"; };
		F7641F6D24A64B7D007AF53F /* LoginViewController.swift */ = {isa = PBXFileReference; lastKnownFileType = sourcecode.swift; path = LoginViewController.swift; sourceTree = "<group>"; };
		F7641F6F24A64BA0007AF53F /* RegisterViewController.swift */ = {isa = PBXFileReference; lastKnownFileType = sourcecode.swift; path = RegisterViewController.swift; sourceTree = "<group>"; };
		F7641F7124A64CBA007AF53F /* PhotoViewerViewController.swift */ = {isa = PBXFileReference; lastKnownFileType = sourcecode.swift; path = PhotoViewerViewController.swift; sourceTree = "<group>"; };
		F7641F7324A64F82007AF53F /* VideoPlayerViewController.swift */ = {isa = PBXFileReference; lastKnownFileType = sourcecode.swift; path = VideoPlayerViewController.swift; sourceTree = "<group>"; };
		F7641F7624A64FE3007AF53F /* NewConversationViewController.swift */ = {isa = PBXFileReference; lastKnownFileType = sourcecode.swift; path = NewConversationViewController.swift; sourceTree = "<group>"; };
		F7641F7824A6500D007AF53F /* ProfileViewController.swift */ = {isa = PBXFileReference; lastKnownFileType = sourcecode.swift; path = ProfileViewController.swift; sourceTree = "<group>"; };
		F7641F7D24A6626F007AF53F /* Extensions.swift */ = {isa = PBXFileReference; lastKnownFileType = sourcecode.swift; path = Extensions.swift; sourceTree = "<group>"; };
/* End PBXFileReference section */

/* Begin PBXFrameworksBuildPhase section */
		F7641F4D24A645BB007AF53F /* Frameworks */ = {
			isa = PBXFrameworksBuildPhase;
			buildActionMask = 2147483647;
			files = (
				9D1D5A02E89F65040DFD89E2 /* Pods_Kuluma.framework in Frameworks */,
			);
			runOnlyForDeploymentPostprocessing = 0;
		};
/* End PBXFrameworksBuildPhase section */

/* Begin PBXGroup section */
		5A88A6D0FEC760B4B9D713F4 /* Pods */ = {
			isa = PBXGroup;
			children = (
				58C8C32854C31DDA41BC6969 /* Pods-Kuluma.debug.xcconfig */,
				52EB57891B8B31EFE193B048 /* Pods-Kuluma.release.xcconfig */,
			);
			path = Pods;
			sourceTree = "<group>";
		};
		646F64F35BA0CF6DF6073BD8 /* Frameworks */ = {
			isa = PBXGroup;
			children = (
				A9C4D12917EE3A5FC0C93084 /* Pods_Kuluma.framework */,
			);
			name = Frameworks;
			sourceTree = "<group>";
		};
		F7641F4724A645BB007AF53F = {
			isa = PBXGroup;
			children = (
				F7641F5224A645BB007AF53F /* Kuluma */,
				F7641F5124A645BB007AF53F /* Products */,
				5A88A6D0FEC760B4B9D713F4 /* Pods */,
				646F64F35BA0CF6DF6073BD8 /* Frameworks */,
			);
			sourceTree = "<group>";
		};
		F7641F5124A645BB007AF53F /* Products */ = {
			isa = PBXGroup;
			children = (
				F7641F5024A645BB007AF53F /* Kuluma.app */,
			);
			name = Products;
			sourceTree = "<group>";
		};
		F7641F5224A645BB007AF53F /* Kuluma */ = {
			isa = PBXGroup;
			children = (
				F726B39424A73DA800321D51 /* GoogleService-Info.plist */,
				F7641F6A24A64780007AF53F /* ViewsModels */,
				F7641F6924A64750007AF53F /* Models */,
				F7641F6824A6473B007AF53F /* Controllers */,
				F7641F6724A64726007AF53F /* Views */,
				F7641F6B24A64871007AF53F /* Resources */,
				F7641F6124A645BC007AF53F /* Info.plist */,
			);
			path = Kuluma;
			sourceTree = "<group>";
		};
		F7641F6724A64726007AF53F /* Views */ = {
			isa = PBXGroup;
			children = (
				F7641F6C24A64975007AF53F /* Storyboards */,
				F7641F5C24A645BC007AF53F /* Assets.xcassets */,
			);
			path = Views;
			sourceTree = "<group>";
		};
		F7641F6824A6473B007AF53F /* Controllers */ = {
			isa = PBXGroup;
			children = (
				F7641F7A24A655FA007AF53F /* Login */,
				F7641F5724A645BB007AF53F /* ViewController.swift */,
				F7641F7124A64CBA007AF53F /* PhotoViewerViewController.swift */,
				F7641F7324A64F82007AF53F /* VideoPlayerViewController.swift */,
				F7641F7624A64FE3007AF53F /* NewConversationViewController.swift */,
				F7641F7824A6500D007AF53F /* ProfileViewController.swift */,
			);
			path = Controllers;
			sourceTree = "<group>";
		};
		F7641F6924A64750007AF53F /* Models */ = {
			isa = PBXGroup;
			children = (
			);
			path = Models;
			sourceTree = "<group>";
		};
		F7641F6A24A64780007AF53F /* ViewsModels */ = {
			isa = PBXGroup;
			children = (
			);
			path = ViewsModels;
			sourceTree = "<group>";
		};
		F7641F6B24A64871007AF53F /* Resources */ = {
			isa = PBXGroup;
			children = (
				F7641F5324A645BB007AF53F /* AppDelegate.swift */,
				F7641F5524A645BB007AF53F /* SceneDelegate.swift */,
				F7641F7D24A6626F007AF53F /* Extensions.swift */,
			);
			path = Resources;
			sourceTree = "<group>";
		};
		F7641F6C24A64975007AF53F /* Storyboards */ = {
			isa = PBXGroup;
			children = (
				F7641F5E24A645BC007AF53F /* LaunchScreen.storyboard */,
				F7641F5924A645BB007AF53F /* Main.storyboard */,
			);
			path = Storyboards;
			sourceTree = "<group>";
		};
		F7641F7A24A655FA007AF53F /* Login */ = {
			isa = PBXGroup;
			children = (
				F7641F6F24A64BA0007AF53F /* RegisterViewController.swift */,
				F7641F6D24A64B7D007AF53F /* LoginViewController.swift */,
			);
			path = Login;
			sourceTree = "<group>";
		};
/* End PBXGroup section */

/* Begin PBXNativeTarget section */
		F7641F4F24A645BB007AF53F /* Kuluma */ = {
			isa = PBXNativeTarget;
			buildConfigurationList = F7641F6424A645BC007AF53F /* Build configuration list for PBXNativeTarget "Kuluma" */;
			buildPhases = (
				01FBFC6CC975AD9251ACA92B /* [CP] Check Pods Manifest.lock */,
				F7641F4C24A645BB007AF53F /* Sources */,
				F7641F4D24A645BB007AF53F /* Frameworks */,
				F7641F4E24A645BB007AF53F /* Resources */,
				73F84593E67FE7C2A8D2E3E0 /* [CP] Embed Pods Frameworks */,
			);
			buildRules = (
			);
			dependencies = (
			);
			name = Kuluma;
			productName = Kuluma;
			productReference = F7641F5024A645BB007AF53F /* Kuluma.app */;
			productType = "com.apple.product-type.application";
		};
/* End PBXNativeTarget section */

/* Begin PBXProject section */
		F7641F4824A645BB007AF53F /* Project object */ = {
			isa = PBXProject;
			attributes = {
				LastSwiftUpdateCheck = 1150;
				LastUpgradeCheck = 1150;
				ORGANIZATIONNAME = Thanyani;
				TargetAttributes = {
					F7641F4F24A645BB007AF53F = {
						CreatedOnToolsVersion = 11.5;
					};
				};
			};
			buildConfigurationList = F7641F4B24A645BB007AF53F /* Build configuration list for PBXProject "Kuluma" */;
			compatibilityVersion = "Xcode 9.3";
			developmentRegion = en;
			hasScannedForEncodings = 0;
			knownRegions = (
				en,
				Base,
			);
			mainGroup = F7641F4724A645BB007AF53F;
			productRefGroup = F7641F5124A645BB007AF53F /* Products */;
			projectDirPath = "";
			projectRoot = "";
			targets = (
				F7641F4F24A645BB007AF53F /* Kuluma */,
			);
		};
/* End PBXProject section */

/* Begin PBXResourcesBuildPhase section */
		F7641F4E24A645BB007AF53F /* Resources */ = {
			isa = PBXResourcesBuildPhase;
			buildActionMask = 2147483647;
			files = (
				F7641F6024A645BC007AF53F /* LaunchScreen.storyboard in Resources */,
				F726B39524A73DA800321D51 /* GoogleService-Info.plist in Resources */,
				F7641F5D24A645BC007AF53F /* Assets.xcassets in Resources */,
				F7641F5B24A645BB007AF53F /* Main.storyboard in Resources */,
			);
			runOnlyForDeploymentPostprocessing = 0;
		};
/* End PBXResourcesBuildPhase section */

/* Begin PBXShellScriptBuildPhase section */
		01FBFC6CC975AD9251ACA92B /* [CP] Check Pods Manifest.lock */ = {
			isa = PBXShellScriptBuildPhase;
			buildActionMask = 2147483647;
			files = (
			);
			inputFileListPaths = (
			);
			inputPaths = (
				"${PODS_PODFILE_DIR_PATH}/Podfile.lock",
				"${PODS_ROOT}/Manifest.lock",
			);
			name = "[CP] Check Pods Manifest.lock";
			outputFileListPaths = (
			);
			outputPaths = (
				"$(DERIVED_FILE_DIR)/Pods-Kuluma-checkManifestLockResult.txt",
			);
			runOnlyForDeploymentPostprocessing = 0;
			shellPath = /bin/sh;
			shellScript = "diff \"${PODS_PODFILE_DIR_PATH}/Podfile.lock\" \"${PODS_ROOT}/Manifest.lock\" > /dev/null\nif [ $? != 0 ] ; then\n    # print error to STDERR\n    echo \"error: The sandbox is not in sync with the Podfile.lock. Run 'pod install' or update your CocoaPods installation.\" >&2\n    exit 1\nfi\n# This output is used by Xcode 'outputs' to avoid re-running this script phase.\necho \"SUCCESS\" > \"${SCRIPT_OUTPUT_FILE_0}\"\n";
			showEnvVarsInLog = 0;
		};
		73F84593E67FE7C2A8D2E3E0 /* [CP] Embed Pods Frameworks */ = {
			isa = PBXShellScriptBuildPhase;
			buildActionMask = 2147483647;
			files = (
			);
			inputFileListPaths = (
				"${PODS_ROOT}/Target Support Files/Pods-Kuluma/Pods-Kuluma-frameworks-${CONFIGURATION}-input-files.xcfilelist",
			);
			name = "[CP] Embed Pods Frameworks";
			outputFileListPaths = (
				"${PODS_ROOT}/Target Support Files/Pods-Kuluma/Pods-Kuluma-frameworks-${CONFIGURATION}-output-files.xcfilelist",
			);
			runOnlyForDeploymentPostprocessing = 0;
			shellPath = /bin/sh;
			shellScript = "\"${PODS_ROOT}/Target Support Files/Pods-Kuluma/Pods-Kuluma-frameworks.sh\"\n";
			showEnvVarsInLog = 0;
		};
/* End PBXShellScriptBuildPhase section */

/* Begin PBXSourcesBuildPhase section */
		F7641F4C24A645BB007AF53F /* Sources */ = {
			isa = PBXSourcesBuildPhase;
			buildActionMask = 2147483647;
			files = (
				F7641F6E24A64B7D007AF53F /* LoginViewController.swift in Sources */,
				F7641F7024A64BA0007AF53F /* RegisterViewController.swift in Sources */,
				F7641F7724A64FE3007AF53F /* NewConversationViewController.swift in Sources */,
				F7641F5824A645BB007AF53F /* ViewController.swift in Sources */,
				F7641F7424A64F82007AF53F /* VideoPlayerViewController.swift in Sources */,
				F7641F7E24A6626F007AF53F /* Extensions.swift in Sources */,
				F7641F5424A645BB007AF53F /* AppDelegate.swift in Sources */,
				F7641F7924A6500D007AF53F /* ProfileViewController.swift in Sources */,
				F7641F5624A645BB007AF53F /* SceneDelegate.swift in Sources */,
				F7641F7224A64CBA007AF53F /* PhotoViewerViewController.swift in Sources */,
			);
			runOnlyForDeploymentPostprocessing = 0;
		};
/* End PBXSourcesBuildPhase section */

/* Begin PBXVariantGroup section */
		F7641F5924A645BB007AF53F /* Main.storyboard */ = {
			isa = PBXVariantGroup;
			children = (
				F7641F5A24A645BB007AF53F /* Base */,
			);
			name = Main.storyboard;
			sourceTree = "<group>";
		};
		F7641F5E24A645BC007AF53F /* LaunchScreen.storyboard */ = {
			isa = PBXVariantGroup;
			children = (
				F7641F5F24A645BC007AF53F /* Base */,
			);
			name = LaunchScreen.storyboard;
			sourceTree = "<group>";
		};
/* End PBXVariantGroup section */

/* Begin XCBuildConfiguration section */
		F7641F6224A645BC007AF53F /* Debug */ = {
			isa = XCBuildConfiguration;
			buildSettings = {
				ALWAYS_SEARCH_USER_PATHS = NO;
				CLANG_ANALYZER_NONNULL = YES;
				CLANG_ANALYZER_NUMBER_OBJECT_CONVERSION = YES_AGGRESSIVE;
				CLANG_CXX_LANGUAGE_STANDARD = "gnu++14";
				CLANG_CXX_LIBRARY = "libc++";
				CLANG_ENABLE_MODULES = YES;
				CLANG_ENABLE_OBJC_ARC = YES;
				CLANG_ENABLE_OBJC_WEAK = YES;
				CLANG_WARN_BLOCK_CAPTURE_AUTORELEASING = YES;
				CLANG_WARN_BOOL_CONVERSION = YES;
				CLANG_WARN_COMMA = YES;
				CLANG_WARN_CONSTANT_CONVERSION = YES;
				CLANG_WARN_DEPRECATED_OBJC_IMPLEMENTATIONS = YES;
				CLANG_WARN_DIRECT_OBJC_ISA_USAGE = YES_ERROR;
				CLANG_WARN_DOCUMENTATION_COMMENTS = YES;
				CLANG_WARN_EMPTY_BODY = YES;
				CLANG_WARN_ENUM_CONVERSION = YES;
				CLANG_WARN_INFINITE_RECURSION = YES;
				CLANG_WARN_INT_CONVERSION = YES;
				CLANG_WARN_NON_LITERAL_NULL_CONVERSION = YES;
				CLANG_WARN_OBJC_IMPLICIT_RETAIN_SELF = YES;
				CLANG_WARN_OBJC_LITERAL_CONVERSION = YES;
				CLANG_WARN_OBJC_ROOT_CLASS = YES_ERROR;
				CLANG_WARN_RANGE_LOOP_ANALYSIS = YES;
				CLANG_WARN_STRICT_PROTOTYPES = YES;
				CLANG_WARN_SUSPICIOUS_MOVE = YES;
				CLANG_WARN_UNGUARDED_AVAILABILITY = YES_AGGRESSIVE;
				CLANG_WARN_UNREACHABLE_CODE = YES;
				CLANG_WARN__DUPLICATE_METHOD_MATCH = YES;
				COPY_PHASE_STRIP = NO;
				DEBUG_INFORMATION_FORMAT = dwarf;
				ENABLE_STRICT_OBJC_MSGSEND = YES;
				ENABLE_TESTABILITY = YES;
				GCC_C_LANGUAGE_STANDARD = gnu11;
				GCC_DYNAMIC_NO_PIC = NO;
				GCC_NO_COMMON_BLOCKS = YES;
				GCC_OPTIMIZATION_LEVEL = 0;
				GCC_PREPROCESSOR_DEFINITIONS = (
					"DEBUG=1",
					"$(inherited)",
				);
				GCC_WARN_64_TO_32_BIT_CONVERSION = YES;
				GCC_WARN_ABOUT_RETURN_TYPE = YES_ERROR;
				GCC_WARN_UNDECLARED_SELECTOR = YES;
				GCC_WARN_UNINITIALIZED_AUTOS = YES_AGGRESSIVE;
				GCC_WARN_UNUSED_FUNCTION = YES;
				GCC_WARN_UNUSED_VARIABLE = YES;
				IPHONEOS_DEPLOYMENT_TARGET = 13.5;
				MTL_ENABLE_DEBUG_INFO = INCLUDE_SOURCE;
				MTL_FAST_MATH = YES;
				ONLY_ACTIVE_ARCH = YES;
				SDKROOT = iphoneos;
				SWIFT_ACTIVE_COMPILATION_CONDITIONS = DEBUG;
				SWIFT_OPTIMIZATION_LEVEL = "-Onone";
			};
			name = Debug;
		};
		F7641F6324A645BC007AF53F /* Release */ = {
			isa = XCBuildConfiguration;
			buildSettings = {
				ALWAYS_SEARCH_USER_PATHS = NO;
				CLANG_ANALYZER_NONNULL = YES;
				CLANG_ANALYZER_NUMBER_OBJECT_CONVERSION = YES_AGGRESSIVE;
				CLANG_CXX_LANGUAGE_STANDARD = "gnu++14";
				CLANG_CXX_LIBRARY = "libc++";
				CLANG_ENABLE_MODULES = YES;
				CLANG_ENABLE_OBJC_ARC = YES;
				CLANG_ENABLE_OBJC_WEAK = YES;
				CLANG_WARN_BLOCK_CAPTURE_AUTORELEASING = YES;
				CLANG_WARN_BOOL_CONVERSION = YES;
				CLANG_WARN_COMMA = YES;
				CLANG_WARN_CONSTANT_CONVERSION = YES;
				CLANG_WARN_DEPRECATED_OBJC_IMPLEMENTATIONS = YES;
				CLANG_WARN_DIRECT_OBJC_ISA_USAGE = YES_ERROR;
				CLANG_WARN_DOCUMENTATION_COMMENTS = YES;
				CLANG_WARN_EMPTY_BODY = YES;
				CLANG_WARN_ENUM_CONVERSION = YES;
				CLANG_WARN_INFINITE_RECURSION = YES;
				CLANG_WARN_INT_CONVERSION = YES;
				CLANG_WARN_NON_LITERAL_NULL_CONVERSION = YES;
				CLANG_WARN_OBJC_IMPLICIT_RETAIN_SELF = YES;
				CLANG_WARN_OBJC_LITERAL_CONVERSION = YES;
				CLANG_WARN_OBJC_ROOT_CLASS = YES_ERROR;
				CLANG_WARN_RANGE_LOOP_ANALYSIS = YES;
				CLANG_WARN_STRICT_PROTOTYPES = YES;
				CLANG_WARN_SUSPICIOUS_MOVE = YES;
				CLANG_WARN_UNGUARDED_AVAILABILITY = YES_AGGRESSIVE;
				CLANG_WARN_UNREACHABLE_CODE = YES;
				CLANG_WARN__DUPLICATE_METHOD_MATCH = YES;
				COPY_PHASE_STRIP = NO;
				DEBUG_INFORMATION_FORMAT = "dwarf-with-dsym";
				ENABLE_NS_ASSERTIONS = NO;
				ENABLE_STRICT_OBJC_MSGSEND = YES;
				GCC_C_LANGUAGE_STANDARD = gnu11;
				GCC_NO_COMMON_BLOCKS = YES;
				GCC_WARN_64_TO_32_BIT_CONVERSION = YES;
				GCC_WARN_ABOUT_RETURN_TYPE = YES_ERROR;
				GCC_WARN_UNDECLARED_SELECTOR = YES;
				GCC_WARN_UNINITIALIZED_AUTOS = YES_AGGRESSIVE;
				GCC_WARN_UNUSED_FUNCTION = YES;
				GCC_WARN_UNUSED_VARIABLE = YES;
				IPHONEOS_DEPLOYMENT_TARGET = 13.5;
				MTL_ENABLE_DEBUG_INFO = NO;
				MTL_FAST_MATH = YES;
				SDKROOT = iphoneos;
				SWIFT_COMPILATION_MODE = wholemodule;
				SWIFT_OPTIMIZATION_LEVEL = "-O";
				VALIDATE_PRODUCT = YES;
			};
			name = Release;
		};
		F7641F6524A645BC007AF53F /* Debug */ = {
			isa = XCBuildConfiguration;
			baseConfigurationReference = 58C8C32854C31DDA41BC6969 /* Pods-Kuluma.debug.xcconfig */;
			buildSettings = {
				ASSETCATALOG_COMPILER_APPICON_NAME = AppIcon;
				CODE_SIGN_STYLE = Automatic;
				INFOPLIST_FILE = Kuluma/Info.plist;
				LD_RUNPATH_SEARCH_PATHS = (
					"$(inherited)",
					"@executable_path/Frameworks",
				);
				PRODUCT_BUNDLE_IDENTIFIER = com.thanyani.Kuluma;
				PRODUCT_NAME = "$(TARGET_NAME)";
				SWIFT_VERSION = 5.0;
				TARGETED_DEVICE_FAMILY = "1,2";
			};
			name = Debug;
		};
		F7641F6624A645BC007AF53F /* Release */ = {
			isa = XCBuildConfiguration;
			baseConfigurationReference = 52EB57891B8B31EFE193B048 /* Pods-Kuluma.release.xcconfig */;
			buildSettings = {
				ASSETCATALOG_COMPILER_APPICON_NAME = AppIcon;
				CODE_SIGN_STYLE = Automatic;
				INFOPLIST_FILE = Kuluma/Info.plist;
				LD_RUNPATH_SEARCH_PATHS = (
					"$(inherited)",
					"@executable_path/Frameworks",
				);
				PRODUCT_BUNDLE_IDENTIFIER = com.thanyani.Kuluma;
				PRODUCT_NAME = "$(TARGET_NAME)";
				SWIFT_VERSION = 5.0;
				TARGETED_DEVICE_FAMILY = "1,2";
			};
			name = Release;
		};
/* End XCBuildConfiguration section */

/* Begin XCConfigurationList section */
		F7641F4B24A645BB007AF53F /* Build configuration list for PBXProject "Kuluma" */ = {
			isa = XCConfigurationList;
			buildConfigurations = (
				F7641F6224A645BC007AF53F /* Debug */,
				F7641F6324A645BC007AF53F /* Release */,
			);
			defaultConfigurationIsVisible = 0;
			defaultConfigurationName = Release;
		};
		F7641F6424A645BC007AF53F /* Build configuration list for PBXNativeTarget "Kuluma" */ = {
			isa = XCConfigurationList;
			buildConfigurations = (
				F7641F6524A645BC007AF53F /* Debug */,
				F7641F6624A645BC007AF53F /* Release */,
			);
			defaultConfigurationIsVisible = 0;
			defaultConfigurationName = Release;
		};
/* End XCConfigurationList section */
	};
	rootObject = F7641F4824A645BB007AF53F /* Project object */;
}
